// !$*UTF8*$!
{
	archiveVersion = 1;
	classes = {
	};
	objectVersion = 46;
	objects = {

/* Begin PBXBuildFile section */
		131E37371BF8286700078FBE /* AppDelegate.swift in Sources */ = {isa = PBXBuildFile; fileRef = 131E37361BF8286700078FBE /* AppDelegate.swift */; };
		131E37391BF8286700078FBE /* ViewController.swift in Sources */ = {isa = PBXBuildFile; fileRef = 131E37381BF8286700078FBE /* ViewController.swift */; };
		131E373C1BF8286700078FBE /* Main.storyboard in Resources */ = {isa = PBXBuildFile; fileRef = 131E373A1BF8286700078FBE /* Main.storyboard */; };
		131E373F1BF8286700078FBE /* SafeTravels.xcdatamodeld in Sources */ = {isa = PBXBuildFile; fileRef = 131E373D1BF8286700078FBE /* SafeTravels.xcdatamodeld */; };
		131E37411BF8286700078FBE /* Assets.xcassets in Resources */ = {isa = PBXBuildFile; fileRef = 131E37401BF8286700078FBE /* Assets.xcassets */; };
		131E37441BF8286700078FBE /* LaunchScreen.storyboard in Resources */ = {isa = PBXBuildFile; fileRef = 131E37421BF8286700078FBE /* LaunchScreen.storyboard */; };
		131E374F1BF8286700078FBE /* SafeTravelsTests.swift in Sources */ = {isa = PBXBuildFile; fileRef = 131E374E1BF8286700078FBE /* SafeTravelsTests.swift */; };
		131E375A1BF8286700078FBE /* SafeTravelsUITests.swift in Sources */ = {isa = PBXBuildFile; fileRef = 131E37591BF8286700078FBE /* SafeTravelsUITests.swift */; };
		131E37861BF82AF700078FBE /* Alamofire.framework in Frameworks */ = {isa = PBXBuildFile; fileRef = 131E37741BF82A3500078FBE /* Alamofire.framework */; };
		131E37871BF82AF700078FBE /* Alamofire.framework in Embed Frameworks */ = {isa = PBXBuildFile; fileRef = 131E37741BF82A3500078FBE /* Alamofire.framework */; settings = {ATTRIBUTES = (CodeSignOnCopy, RemoveHeadersOnCopy, ); }; };
		131E37D31BF82D3700078FBE /* SwiftyJSON.framework in Frameworks */ = {isa = PBXBuildFile; fileRef = 131E37C61BF82D2600078FBE /* SwiftyJSON.framework */; };
		131E37D41BF82D3700078FBE /* SwiftyJSON.framework in Embed Frameworks */ = {isa = PBXBuildFile; fileRef = 131E37C61BF82D2600078FBE /* SwiftyJSON.framework */; settings = {ATTRIBUTES = (CodeSignOnCopy, RemoveHeadersOnCopy, ); }; };
		131E37D81BF833A800078FBE /* SettingsViewController.swift in Sources */ = {isa = PBXBuildFile; fileRef = 131E37D71BF833A800078FBE /* SettingsViewController.swift */; };
		131E37DB1BF8393A00078FBE /* AddressBook.framework in Frameworks */ = {isa = PBXBuildFile; fileRef = 131E37D91BF8393A00078FBE /* AddressBook.framework */; };
		131E37DC1BF8393A00078FBE /* AddressBookUI.framework in Frameworks */ = {isa = PBXBuildFile; fileRef = 131E37DA1BF8393A00078FBE /* AddressBookUI.framework */; };
		131E37DE1BF83BEF00078FBE /* ModelHandler.swift in Sources */ = {isa = PBXBuildFile; fileRef = 131E37DD1BF83BEF00078FBE /* ModelHandler.swift */; };
		131E37E11BF83C3B00078FBE /* Messages+CoreDataProperties.swift in Sources */ = {isa = PBXBuildFile; fileRef = 131E37DF1BF83C3B00078FBE /* Messages+CoreDataProperties.swift */; };
		131E37E21BF83C3B00078FBE /* Messages.swift in Sources */ = {isa = PBXBuildFile; fileRef = 131E37E01BF83C3B00078FBE /* Messages.swift */; };
		131E37E51BF83C6100078FBE /* Numbers+CoreDataProperties.swift in Sources */ = {isa = PBXBuildFile; fileRef = 131E37E31BF83C6100078FBE /* Numbers+CoreDataProperties.swift */; };
		131E37E61BF83C6100078FBE /* Numbers.swift in Sources */ = {isa = PBXBuildFile; fileRef = 131E37E41BF83C6100078FBE /* Numbers.swift */; };
		131E37E81BF840AF00078FBE /* HandleConnection.swift in Sources */ = {isa = PBXBuildFile; fileRef = 131E37E71BF840AF00078FBE /* HandleConnection.swift */; };
		131E37EA1BF841DD00078FBE /* LocMan.swift in Sources */ = {isa = PBXBuildFile; fileRef = 131E37E91BF841DD00078FBE /* LocMan.swift */; };
		131E37EE1BF8430400078FBE /* Ids+CoreDataProperties.swift in Sources */ = {isa = PBXBuildFile; fileRef = 131E37EC1BF8430400078FBE /* Ids+CoreDataProperties.swift */; };
		131E37EF1BF8430400078FBE /* Ids.swift in Sources */ = {isa = PBXBuildFile; fileRef = 131E37ED1BF8430400078FBE /* Ids.swift */; };
		131E37F11BF85B4700078FBE /* TimerHelper.swift in Sources */ = {isa = PBXBuildFile; fileRef = 131E37F01BF85B4700078FBE /* TimerHelper.swift */; };
		131E37F31BF8D3D100078FBE /* BlockedViewController.swift in Sources */ = {isa = PBXBuildFile; fileRef = 131E37F21BF8D3D100078FBE /* BlockedViewController.swift */; };
/* End PBXBuildFile section */

/* Begin PBXContainerItemProxy section */
		131E374B1BF8286700078FBE /* PBXContainerItemProxy */ = {
			isa = PBXContainerItemProxy;
			containerPortal = 131E372B1BF8286700078FBE /* Project object */;
			proxyType = 1;
			remoteGlobalIDString = 131E37321BF8286700078FBE;
			remoteInfo = SafeTravels;
		};
		131E37561BF8286700078FBE /* PBXContainerItemProxy */ = {
			isa = PBXContainerItemProxy;
			containerPortal = 131E372B1BF8286700078FBE /* Project object */;
			proxyType = 1;
			remoteGlobalIDString = 131E37321BF8286700078FBE;
			remoteInfo = SafeTravels;
		};
		131E37731BF82A3500078FBE /* PBXContainerItemProxy */ = {
			isa = PBXContainerItemProxy;
			containerPortal = 131E37691BF82A3500078FBE /* Alamofire.xcodeproj */;
			proxyType = 2;
			remoteGlobalIDString = F8111E3319A95C8B0040E7D1;
			remoteInfo = "Alamofire iOS";
		};
		131E37751BF82A3500078FBE /* PBXContainerItemProxy */ = {
			isa = PBXContainerItemProxy;
			containerPortal = 131E37691BF82A3500078FBE /* Alamofire.xcodeproj */;
			proxyType = 2;
			remoteGlobalIDString = F8111E3E19A95C8B0040E7D1;
			remoteInfo = "Alamofire iOS Tests";
		};
		131E37771BF82A3500078FBE /* PBXContainerItemProxy */ = {
			isa = PBXContainerItemProxy;
			containerPortal = 131E37691BF82A3500078FBE /* Alamofire.xcodeproj */;
			proxyType = 2;
			remoteGlobalIDString = 4DD67C0B1A5C55C900ED2280;
			remoteInfo = "Alamofire OSX";
		};
		131E37791BF82A3500078FBE /* PBXContainerItemProxy */ = {
			isa = PBXContainerItemProxy;
			containerPortal = 131E37691BF82A3500078FBE /* Alamofire.xcodeproj */;
			proxyType = 2;
			remoteGlobalIDString = F829C6B21A7A94F100A2CD59;
			remoteInfo = "Alamofire OSX Tests";
		};
		131E377B1BF82A3500078FBE /* PBXContainerItemProxy */ = {
			isa = PBXContainerItemProxy;
			containerPortal = 131E37691BF82A3500078FBE /* Alamofire.xcodeproj */;
			proxyType = 2;
			remoteGlobalIDString = 4CF626EF1BA7CB3E0011A099;
			remoteInfo = "Alamofire tvOS";
		};
		131E377D1BF82A3500078FBE /* PBXContainerItemProxy */ = {
			isa = PBXContainerItemProxy;
			containerPortal = 131E37691BF82A3500078FBE /* Alamofire.xcodeproj */;
			proxyType = 2;
			remoteGlobalIDString = 4CF626F81BA7CB3E0011A099;
			remoteInfo = "Alamofire tvOS Tests";
		};
		131E377F1BF82A3500078FBE /* PBXContainerItemProxy */ = {
			isa = PBXContainerItemProxy;
			containerPortal = 131E37691BF82A3500078FBE /* Alamofire.xcodeproj */;
			proxyType = 2;
			remoteGlobalIDString = E4202FE01B667AA100C997FB;
			remoteInfo = "Alamofire watchOS";
		};
		131E37881BF82AF700078FBE /* PBXContainerItemProxy */ = {
			isa = PBXContainerItemProxy;
			containerPortal = 131E37691BF82A3500078FBE /* Alamofire.xcodeproj */;
			proxyType = 1;
			remoteGlobalIDString = F8111E3219A95C8B0040E7D1;
			remoteInfo = "Alamofire iOS";
		};
		131E37C51BF82D2600078FBE /* PBXContainerItemProxy */ = {
			isa = PBXContainerItemProxy;
			containerPortal = 131E37BB1BF82D2600078FBE /* SwiftyJSON.xcodeproj */;
			proxyType = 2;
			remoteGlobalIDString = 2E4FEFDB19575BE100351305;
			remoteInfo = "SwiftyJSON iOS";
		};
		131E37C71BF82D2600078FBE /* PBXContainerItemProxy */ = {
			isa = PBXContainerItemProxy;
			containerPortal = 131E37BB1BF82D2600078FBE /* SwiftyJSON.xcodeproj */;
			proxyType = 2;
			remoteGlobalIDString = 2E4FEFE619575BE100351305;
			remoteInfo = "SwiftyJSON iOS Tests";
		};
		131E37C91BF82D2600078FBE /* PBXContainerItemProxy */ = {
			isa = PBXContainerItemProxy;
			containerPortal = 131E37BB1BF82D2600078FBE /* SwiftyJSON.xcodeproj */;
			proxyType = 2;
			remoteGlobalIDString = 9C7DFC5B1A9102BD005AA3F7;
			remoteInfo = "SwiftyJSON OSX";
		};
		131E37CB1BF82D2600078FBE /* PBXContainerItemProxy */ = {
			isa = PBXContainerItemProxy;
			containerPortal = 131E37BB1BF82D2600078FBE /* SwiftyJSON.xcodeproj */;
			proxyType = 2;
			remoteGlobalIDString = 9C7DFC651A9102BD005AA3F7;
			remoteInfo = "SwiftyJSON OSX Tests";
		};
		131E37CD1BF82D2600078FBE /* PBXContainerItemProxy */ = {
			isa = PBXContainerItemProxy;
			containerPortal = 131E37BB1BF82D2600078FBE /* SwiftyJSON.xcodeproj */;
			proxyType = 2;
			remoteGlobalIDString = E4D7CCE81B9465A700EE7221;
			remoteInfo = "SwiftyJSON watchOS";
		};
		131E37CF1BF82D2600078FBE /* PBXContainerItemProxy */ = {
			isa = PBXContainerItemProxy;
			containerPortal = 131E37BB1BF82D2600078FBE /* SwiftyJSON.xcodeproj */;
			proxyType = 2;
			remoteGlobalIDString = 7236B4F61BAC14150020529B;
			remoteInfo = "SwiftyJSON tvOS";
		};
		131E37D11BF82D2600078FBE /* PBXContainerItemProxy */ = {
			isa = PBXContainerItemProxy;
			containerPortal = 131E37BB1BF82D2600078FBE /* SwiftyJSON.xcodeproj */;
			proxyType = 2;
			remoteGlobalIDString = A8580F741BCF5C5B00DA927B;
			remoteInfo = "SwiftyJSON tvOS Tests";
		};
		131E37D51BF82D3700078FBE /* PBXContainerItemProxy */ = {
			isa = PBXContainerItemProxy;
			containerPortal = 131E37BB1BF82D2600078FBE /* SwiftyJSON.xcodeproj */;
			proxyType = 1;
			remoteGlobalIDString = 2E4FEFDA19575BE100351305;
			remoteInfo = "SwiftyJSON iOS";
		};
/* End PBXContainerItemProxy section */

/* Begin PBXCopyFilesBuildPhase section */
		131E378A1BF82AF800078FBE /* Embed Frameworks */ = {
			isa = PBXCopyFilesBuildPhase;
			buildActionMask = 2147483647;
			dstPath = "";
			dstSubfolderSpec = 10;
			files = (
				131E37D41BF82D3700078FBE /* SwiftyJSON.framework in Embed Frameworks */,
				131E37871BF82AF700078FBE /* Alamofire.framework in Embed Frameworks */,
			);
			name = "Embed Frameworks";
			runOnlyForDeploymentPostprocessing = 0;
		};
/* End PBXCopyFilesBuildPhase section */

/* Begin PBXFileReference section */
		131E37331BF8286700078FBE /* SafeTravels.app */ = {isa = PBXFileReference; explicitFileType = wrapper.application; includeInIndex = 0; path = SafeTravels.app; sourceTree = BUILT_PRODUCTS_DIR; };
		131E37361BF8286700078FBE /* AppDelegate.swift */ = {isa = PBXFileReference; lastKnownFileType = sourcecode.swift; path = AppDelegate.swift; sourceTree = "<group>"; };
		131E37381BF8286700078FBE /* ViewController.swift */ = {isa = PBXFileReference; lastKnownFileType = sourcecode.swift; path = ViewController.swift; sourceTree = "<group>"; };
		131E373B1BF8286700078FBE /* Base */ = {isa = PBXFileReference; lastKnownFileType = file.storyboard; name = Base; path = Base.lproj/Main.storyboard; sourceTree = "<group>"; };
		131E373E1BF8286700078FBE /* SafeTravels.xcdatamodel */ = {isa = PBXFileReference; lastKnownFileType = wrapper.xcdatamodel; path = SafeTravels.xcdatamodel; sourceTree = "<group>"; };
		131E37401BF8286700078FBE /* Assets.xcassets */ = {isa = PBXFileReference; lastKnownFileType = folder.assetcatalog; path = Assets.xcassets; sourceTree = "<group>"; };
		131E37431BF8286700078FBE /* Base */ = {isa = PBXFileReference; lastKnownFileType = file.storyboard; name = Base; path = Base.lproj/LaunchScreen.storyboard; sourceTree = "<group>"; };
		131E37451BF8286700078FBE /* Info.plist */ = {isa = PBXFileReference; lastKnownFileType = text.plist.xml; path = Info.plist; sourceTree = "<group>"; };
		131E374A1BF8286700078FBE /* SafeTravelsTests.xctest */ = {isa = PBXFileReference; explicitFileType = wrapper.cfbundle; includeInIndex = 0; path = SafeTravelsTests.xctest; sourceTree = BUILT_PRODUCTS_DIR; };
		131E374E1BF8286700078FBE /* SafeTravelsTests.swift */ = {isa = PBXFileReference; lastKnownFileType = sourcecode.swift; path = SafeTravelsTests.swift; sourceTree = "<group>"; };
		131E37501BF8286700078FBE /* Info.plist */ = {isa = PBXFileReference; lastKnownFileType = text.plist.xml; path = Info.plist; sourceTree = "<group>"; };
		131E37551BF8286700078FBE /* SafeTravelsUITests.xctest */ = {isa = PBXFileReference; explicitFileType = wrapper.cfbundle; includeInIndex = 0; path = SafeTravelsUITests.xctest; sourceTree = BUILT_PRODUCTS_DIR; };
		131E37591BF8286700078FBE /* SafeTravelsUITests.swift */ = {isa = PBXFileReference; lastKnownFileType = sourcecode.swift; path = SafeTravelsUITests.swift; sourceTree = "<group>"; };
		131E375B1BF8286700078FBE /* Info.plist */ = {isa = PBXFileReference; lastKnownFileType = text.plist.xml; path = Info.plist; sourceTree = "<group>"; };
		131E37691BF82A3500078FBE /* Alamofire.xcodeproj */ = {isa = PBXFileReference; lastKnownFileType = "wrapper.pb-project"; name = Alamofire.xcodeproj; path = Alamofire/Alamofire.xcodeproj; sourceTree = "<group>"; };
		131E37BB1BF82D2600078FBE /* SwiftyJSON.xcodeproj */ = {isa = PBXFileReference; lastKnownFileType = "wrapper.pb-project"; name = SwiftyJSON.xcodeproj; path = "../../Downloads/SwiftyJSON-master 3/SwiftyJSON.xcodeproj"; sourceTree = "<group>"; };
		131E37D71BF833A800078FBE /* SettingsViewController.swift */ = {isa = PBXFileReference; fileEncoding = 4; lastKnownFileType = sourcecode.swift; path = SettingsViewController.swift; sourceTree = "<group>"; };
		131E37D91BF8393A00078FBE /* AddressBook.framework */ = {isa = PBXFileReference; lastKnownFileType = wrapper.framework; name = AddressBook.framework; path = System/Library/Frameworks/AddressBook.framework; sourceTree = SDKROOT; };
		131E37DA1BF8393A00078FBE /* AddressBookUI.framework */ = {isa = PBXFileReference; lastKnownFileType = wrapper.framework; name = AddressBookUI.framework; path = System/Library/Frameworks/AddressBookUI.framework; sourceTree = SDKROOT; };
		131E37DD1BF83BEF00078FBE /* ModelHandler.swift */ = {isa = PBXFileReference; fileEncoding = 4; lastKnownFileType = sourcecode.swift; path = ModelHandler.swift; sourceTree = "<group>"; };
		131E37DF1BF83C3B00078FBE /* Messages+CoreDataProperties.swift */ = {isa = PBXFileReference; fileEncoding = 4; lastKnownFileType = sourcecode.swift; path = "Messages+CoreDataProperties.swift"; sourceTree = "<group>"; };
		131E37E01BF83C3B00078FBE /* Messages.swift */ = {isa = PBXFileReference; fileEncoding = 4; lastKnownFileType = sourcecode.swift; path = Messages.swift; sourceTree = "<group>"; };
		131E37E31BF83C6100078FBE /* Numbers+CoreDataProperties.swift */ = {isa = PBXFileReference; fileEncoding = 4; lastKnownFileType = sourcecode.swift; path = "Numbers+CoreDataProperties.swift"; sourceTree = "<group>"; };
		131E37E41BF83C6100078FBE /* Numbers.swift */ = {isa = PBXFileReference; fileEncoding = 4; lastKnownFileType = sourcecode.swift; path = Numbers.swift; sourceTree = "<group>"; };
		131E37E71BF840AF00078FBE /* HandleConnection.swift */ = {isa = PBXFileReference; fileEncoding = 4; lastKnownFileType = sourcecode.swift; path = HandleConnection.swift; sourceTree = "<group>"; };
		131E37E91BF841DD00078FBE /* LocMan.swift */ = {isa = PBXFileReference; fileEncoding = 4; lastKnownFileType = sourcecode.swift; path = LocMan.swift; sourceTree = "<group>"; };
		131E37EC1BF8430400078FBE /* Ids+CoreDataProperties.swift */ = {isa = PBXFileReference; fileEncoding = 4; lastKnownFileType = sourcecode.swift; path = "Ids+CoreDataProperties.swift"; sourceTree = "<group>"; };
		131E37ED1BF8430400078FBE /* Ids.swift */ = {isa = PBXFileReference; fileEncoding = 4; lastKnownFileType = sourcecode.swift; path = Ids.swift; sourceTree = "<group>"; };
		131E37F01BF85B4700078FBE /* TimerHelper.swift */ = {isa = PBXFileReference; fileEncoding = 4; lastKnownFileType = sourcecode.swift; path = TimerHelper.swift; sourceTree = "<group>"; };
		131E37F21BF8D3D100078FBE /* BlockedViewController.swift */ = {isa = PBXFileReference; fileEncoding = 4; lastKnownFileType = sourcecode.swift; path = BlockedViewController.swift; sourceTree = "<group>"; };
/* End PBXFileReference section */

/* Begin PBXFrameworksBuildPhase section */
		131E37301BF8286700078FBE /* Frameworks */ = {
			isa = PBXFrameworksBuildPhase;
			buildActionMask = 2147483647;
			files = (
				131E37DB1BF8393A00078FBE /* AddressBook.framework in Frameworks */,
				131E37DC1BF8393A00078FBE /* AddressBookUI.framework in Frameworks */,
				131E37D31BF82D3700078FBE /* SwiftyJSON.framework in Frameworks */,
				131E37861BF82AF700078FBE /* Alamofire.framework in Frameworks */,
			);
			runOnlyForDeploymentPostprocessing = 0;
		};
		131E37471BF8286700078FBE /* Frameworks */ = {
			isa = PBXFrameworksBuildPhase;
			buildActionMask = 2147483647;
			files = (
			);
			runOnlyForDeploymentPostprocessing = 0;
		};
		131E37521BF8286700078FBE /* Frameworks */ = {
			isa = PBXFrameworksBuildPhase;
			buildActionMask = 2147483647;
			files = (
			);
			runOnlyForDeploymentPostprocessing = 0;
		};
/* End PBXFrameworksBuildPhase section */

/* Begin PBXGroup section */
		131E372A1BF8286700078FBE = {
			isa = PBXGroup;
			children = (
				131E37D91BF8393A00078FBE /* AddressBook.framework */,
				131E37DA1BF8393A00078FBE /* AddressBookUI.framework */,
				131E37BB1BF82D2600078FBE /* SwiftyJSON.xcodeproj */,
				131E37691BF82A3500078FBE /* Alamofire.xcodeproj */,
				131E37351BF8286700078FBE /* SafeTravels */,
				131E374D1BF8286700078FBE /* SafeTravelsTests */,
				131E37581BF8286700078FBE /* SafeTravelsUITests */,
				131E37341BF8286700078FBE /* Products */,
			);
			sourceTree = "<group>";
		};
		131E37341BF8286700078FBE /* Products */ = {
			isa = PBXGroup;
			children = (
				131E37331BF8286700078FBE /* SafeTravels.app */,
				131E374A1BF8286700078FBE /* SafeTravelsTests.xctest */,
				131E37551BF8286700078FBE /* SafeTravelsUITests.xctest */,
			);
			name = Products;
			sourceTree = "<group>";
		};
		131E37351BF8286700078FBE /* SafeTravels */ = {
			isa = PBXGroup;
			children = (
				131E37361BF8286700078FBE /* AppDelegate.swift */,
				131E37E91BF841DD00078FBE /* LocMan.swift */,
				131E37F21BF8D3D100078FBE /* BlockedViewController.swift */,
				131E37381BF8286700078FBE /* ViewController.swift */,
				131E373A1BF8286700078FBE /* Main.storyboard */,
				131E37401BF8286700078FBE /* Assets.xcassets */,
				131E37421BF8286700078FBE /* LaunchScreen.storyboard */,
				131E37451BF8286700078FBE /* Info.plist */,
				131E373D1BF8286700078FBE /* SafeTravels.xcdatamodeld */,
				131E37D71BF833A800078FBE /* SettingsViewController.swift */,
				131E37DD1BF83BEF00078FBE /* ModelHandler.swift */,
				131E37F01BF85B4700078FBE /* TimerHelper.swift */,
				131E37EB1BF842D300078FBE /* CoreData */,
				131E37E71BF840AF00078FBE /* HandleConnection.swift */,
			);
			path = SafeTravels;
			sourceTree = "<group>";
		};
		131E374D1BF8286700078FBE /* SafeTravelsTests */ = {
			isa = PBXGroup;
			children = (
				131E374E1BF8286700078FBE /* SafeTravelsTests.swift */,
				131E37501BF8286700078FBE /* Info.plist */,
			);
			path = SafeTravelsTests;
			sourceTree = "<group>";
		};
		131E37581BF8286700078FBE /* SafeTravelsUITests */ = {
			isa = PBXGroup;
			children = (
				131E37591BF8286700078FBE /* SafeTravelsUITests.swift */,
				131E375B1BF8286700078FBE /* Info.plist */,
			);
			path = SafeTravelsUITests;
			sourceTree = "<group>";
		};
		131E376A1BF82A3500078FBE /* Products */ = {
			isa = PBXGroup;
			children = (
				131E37741BF82A3500078FBE /* Alamofire.framework */,
				131E37761BF82A3500078FBE /* Alamofire iOS Tests.xctest */,
				131E37781BF82A3500078FBE /* Alamofire.framework */,
				131E377A1BF82A3500078FBE /* Alamofire OSX Tests.xctest */,
				131E377C1BF82A3500078FBE /* Alamofire.framework */,
				131E377E1BF82A3500078FBE /* Alamofire tvOS Tests.xctest */,
				131E37801BF82A3500078FBE /* Alamofire.framework */,
			);
			name = Products;
			sourceTree = "<group>";
		};
		131E37BC1BF82D2600078FBE /* Products */ = {
			isa = PBXGroup;
			children = (
				131E37C61BF82D2600078FBE /* SwiftyJSON.framework */,
				131E37C81BF82D2600078FBE /* SwiftyJSON iOS Tests.xctest */,
				131E37CA1BF82D2600078FBE /* SwiftyJSON.framework */,
				131E37CC1BF82D2600078FBE /* SwiftyJSON OSX Tests.xctest */,
				131E37CE1BF82D2600078FBE /* SwiftyJSON.framework */,
				131E37D01BF82D2600078FBE /* SwiftyJSON.framework */,
				131E37D21BF82D2600078FBE /* SwiftyJSON tvOS Tests.xctest */,
			);
			name = Products;
			sourceTree = "<group>";
		};
		131E37EB1BF842D300078FBE /* CoreData */ = {
			isa = PBXGroup;
			children = (
				131E37EC1BF8430400078FBE /* Ids+CoreDataProperties.swift */,
				131E37ED1BF8430400078FBE /* Ids.swift */,
				131E37DF1BF83C3B00078FBE /* Messages+CoreDataProperties.swift */,
				131E37E01BF83C3B00078FBE /* Messages.swift */,
				131E37E31BF83C6100078FBE /* Numbers+CoreDataProperties.swift */,
				131E37E41BF83C6100078FBE /* Numbers.swift */,
			);
			name = CoreData;
			sourceTree = "<group>";
		};
/* End PBXGroup section */

/* Begin PBXNativeTarget section */
		131E37321BF8286700078FBE /* SafeTravels */ = {
			isa = PBXNativeTarget;
			buildConfigurationList = 131E375E1BF8286700078FBE /* Build configuration list for PBXNativeTarget "SafeTravels" */;
			buildPhases = (
				131E372F1BF8286700078FBE /* Sources */,
				131E37301BF8286700078FBE /* Frameworks */,
				131E37311BF8286700078FBE /* Resources */,
				131E378A1BF82AF800078FBE /* Embed Frameworks */,
			);
			buildRules = (
			);
			dependencies = (
				131E37891BF82AF700078FBE /* PBXTargetDependency */,
				131E37D61BF82D3700078FBE /* PBXTargetDependency */,
			);
			name = SafeTravels;
			productName = SafeTravels;
			productReference = 131E37331BF8286700078FBE /* SafeTravels.app */;
			productType = "com.apple.product-type.application";
		};
		131E37491BF8286700078FBE /* SafeTravelsTests */ = {
			isa = PBXNativeTarget;
			buildConfigurationList = 131E37611BF8286700078FBE /* Build configuration list for PBXNativeTarget "SafeTravelsTests" */;
			buildPhases = (
				131E37461BF8286700078FBE /* Sources */,
				131E37471BF8286700078FBE /* Frameworks */,
				131E37481BF8286700078FBE /* Resources */,
			);
			buildRules = (
			);
			dependencies = (
				131E374C1BF8286700078FBE /* PBXTargetDependency */,
			);
			name = SafeTravelsTests;
			productName = SafeTravelsTests;
			productReference = 131E374A1BF8286700078FBE /* SafeTravelsTests.xctest */;
			productType = "com.apple.product-type.bundle.unit-test";
		};
		131E37541BF8286700078FBE /* SafeTravelsUITests */ = {
			isa = PBXNativeTarget;
			buildConfigurationList = 131E37641BF8286700078FBE /* Build configuration list for PBXNativeTarget "SafeTravelsUITests" */;
			buildPhases = (
				131E37511BF8286700078FBE /* Sources */,
				131E37521BF8286700078FBE /* Frameworks */,
				131E37531BF8286700078FBE /* Resources */,
			);
			buildRules = (
			);
			dependencies = (
				131E37571BF8286700078FBE /* PBXTargetDependency */,
			);
			name = SafeTravelsUITests;
			productName = SafeTravelsUITests;
			productReference = 131E37551BF8286700078FBE /* SafeTravelsUITests.xctest */;
			productType = "com.apple.product-type.bundle.ui-testing";
		};
/* End PBXNativeTarget section */

/* Begin PBXProject section */
		131E372B1BF8286700078FBE /* Project object */ = {
			isa = PBXProject;
			attributes = {
				LastSwiftUpdateCheck = 0710;
				LastUpgradeCheck = 0710;
				ORGANIZATIONNAME = Dignan;
				TargetAttributes = {
					131E37321BF8286700078FBE = {
						CreatedOnToolsVersion = 7.1.1;
						DevelopmentTeam = RCJDD4P974;
					};
					131E37491BF8286700078FBE = {
						CreatedOnToolsVersion = 7.1.1;
						TestTargetID = 131E37321BF8286700078FBE;
					};
					131E37541BF8286700078FBE = {
						CreatedOnToolsVersion = 7.1.1;
						TestTargetID = 131E37321BF8286700078FBE;
					};
				};
			};
			buildConfigurationList = 131E372E1BF8286700078FBE /* Build configuration list for PBXProject "SafeTravels" */;
			compatibilityVersion = "Xcode 3.2";
			developmentRegion = English;
			hasScannedForEncodings = 0;
			knownRegions = (
				en,
				Base,
			);
			mainGroup = 131E372A1BF8286700078FBE;
			productRefGroup = 131E37341BF8286700078FBE /* Products */;
			projectDirPath = "";
			projectReferences = (
				{
					ProductGroup = 131E376A1BF82A3500078FBE /* Products */;
					ProjectRef = 131E37691BF82A3500078FBE /* Alamofire.xcodeproj */;
				},
				{
					ProductGroup = 131E37BC1BF82D2600078FBE /* Products */;
					ProjectRef = 131E37BB1BF82D2600078FBE /* SwiftyJSON.xcodeproj */;
				},
			);
			projectRoot = "";
			targets = (
				131E37321BF8286700078FBE /* SafeTravels */,
				131E37491BF8286700078FBE /* SafeTravelsTests */,
				131E37541BF8286700078FBE /* SafeTravelsUITests */,
			);
		};
/* End PBXProject section */

/* Begin PBXReferenceProxy section */
		131E37741BF82A3500078FBE /* Alamofire.framework */ = {
			isa = PBXReferenceProxy;
			fileType = wrapper.framework;
			path = Alamofire.framework;
			remoteRef = 131E37731BF82A3500078FBE /* PBXContainerItemProxy */;
			sourceTree = BUILT_PRODUCTS_DIR;
		};
		131E37761BF82A3500078FBE /* Alamofire iOS Tests.xctest */ = {
			isa = PBXReferenceProxy;
			fileType = wrapper.cfbundle;
			path = "Alamofire iOS Tests.xctest";
			remoteRef = 131E37751BF82A3500078FBE /* PBXContainerItemProxy */;
			sourceTree = BUILT_PRODUCTS_DIR;
		};
		131E37781BF82A3500078FBE /* Alamofire.framework */ = {
			isa = PBXReferenceProxy;
			fileType = wrapper.framework;
			path = Alamofire.framework;
			remoteRef = 131E37771BF82A3500078FBE /* PBXContainerItemProxy */;
			sourceTree = BUILT_PRODUCTS_DIR;
		};
		131E377A1BF82A3500078FBE /* Alamofire OSX Tests.xctest */ = {
			isa = PBXReferenceProxy;
			fileType = wrapper.cfbundle;
			path = "Alamofire OSX Tests.xctest";
			remoteRef = 131E37791BF82A3500078FBE /* PBXContainerItemProxy */;
			sourceTree = BUILT_PRODUCTS_DIR;
		};
		131E377C1BF82A3500078FBE /* Alamofire.framework */ = {
			isa = PBXReferenceProxy;
			fileType = wrapper.framework;
			path = Alamofire.framework;
			remoteRef = 131E377B1BF82A3500078FBE /* PBXContainerItemProxy */;
			sourceTree = BUILT_PRODUCTS_DIR;
		};
		131E377E1BF82A3500078FBE /* Alamofire tvOS Tests.xctest */ = {
			isa = PBXReferenceProxy;
			fileType = wrapper.cfbundle;
			path = "Alamofire tvOS Tests.xctest";
			remoteRef = 131E377D1BF82A3500078FBE /* PBXContainerItemProxy */;
			sourceTree = BUILT_PRODUCTS_DIR;
		};
		131E37801BF82A3500078FBE /* Alamofire.framework */ = {
			isa = PBXReferenceProxy;
			fileType = wrapper.framework;
			path = Alamofire.framework;
			remoteRef = 131E377F1BF82A3500078FBE /* PBXContainerItemProxy */;
			sourceTree = BUILT_PRODUCTS_DIR;
		};
		131E37C61BF82D2600078FBE /* SwiftyJSON.framework */ = {
			isa = PBXReferenceProxy;
			fileType = wrapper.framework;
			path = SwiftyJSON.framework;
			remoteRef = 131E37C51BF82D2600078FBE /* PBXContainerItemProxy */;
			sourceTree = BUILT_PRODUCTS_DIR;
		};
		131E37C81BF82D2600078FBE /* SwiftyJSON iOS Tests.xctest */ = {
			isa = PBXReferenceProxy;
			fileType = wrapper.cfbundle;
			path = "SwiftyJSON iOS Tests.xctest";
			remoteRef = 131E37C71BF82D2600078FBE /* PBXContainerItemProxy */;
			sourceTree = BUILT_PRODUCTS_DIR;
		};
		131E37CA1BF82D2600078FBE /* SwiftyJSON.framework */ = {
			isa = PBXReferenceProxy;
			fileType = wrapper.framework;
			path = SwiftyJSON.framework;
			remoteRef = 131E37C91BF82D2600078FBE /* PBXContainerItemProxy */;
			sourceTree = BUILT_PRODUCTS_DIR;
		};
		131E37CC1BF82D2600078FBE /* SwiftyJSON OSX Tests.xctest */ = {
			isa = PBXReferenceProxy;
			fileType = wrapper.cfbundle;
			path = "SwiftyJSON OSX Tests.xctest";
			remoteRef = 131E37CB1BF82D2600078FBE /* PBXContainerItemProxy */;
			sourceTree = BUILT_PRODUCTS_DIR;
		};
		131E37CE1BF82D2600078FBE /* SwiftyJSON.framework */ = {
			isa = PBXReferenceProxy;
			fileType = wrapper.framework;
			path = SwiftyJSON.framework;
			remoteRef = 131E37CD1BF82D2600078FBE /* PBXContainerItemProxy */;
			sourceTree = BUILT_PRODUCTS_DIR;
		};
		131E37D01BF82D2600078FBE /* SwiftyJSON.framework */ = {
			isa = PBXReferenceProxy;
			fileType = wrapper.framework;
			path = SwiftyJSON.framework;
			remoteRef = 131E37CF1BF82D2600078FBE /* PBXContainerItemProxy */;
			sourceTree = BUILT_PRODUCTS_DIR;
		};
		131E37D21BF82D2600078FBE /* SwiftyJSON tvOS Tests.xctest */ = {
			isa = PBXReferenceProxy;
			fileType = wrapper.cfbundle;
			path = "SwiftyJSON tvOS Tests.xctest";
			remoteRef = 131E37D11BF82D2600078FBE /* PBXContainerItemProxy */;
			sourceTree = BUILT_PRODUCTS_DIR;
		};
/* End PBXReferenceProxy section */

/* Begin PBXResourcesBuildPhase section */
		131E37311BF8286700078FBE /* Resources */ = {
			isa = PBXResourcesBuildPhase;
			buildActionMask = 2147483647;
			files = (
				131E37441BF8286700078FBE /* LaunchScreen.storyboard in Resources */,
				131E37411BF8286700078FBE /* Assets.xcassets in Resources */,
				131E373C1BF8286700078FBE /* Main.storyboard in Resources */,
			);
			runOnlyForDeploymentPostprocessing = 0;
		};
		131E37481BF8286700078FBE /* Resources */ = {
			isa = PBXResourcesBuildPhase;
			buildActionMask = 2147483647;
			files = (
			);
			runOnlyForDeploymentPostprocessing = 0;
		};
		131E37531BF8286700078FBE /* Resources */ = {
			isa = PBXResourcesBuildPhase;
			buildActionMask = 2147483647;
			files = (
			);
			runOnlyForDeploymentPostprocessing = 0;
		};
/* End PBXResourcesBuildPhase section */

/* Begin PBXSourcesBuildPhase section */
		131E372F1BF8286700078FBE /* Sources */ = {
			isa = PBXSourcesBuildPhase;
			buildActionMask = 2147483647;
			files = (
				131E37391BF8286700078FBE /* ViewController.swift in Sources */,
				131E37DE1BF83BEF00078FBE /* ModelHandler.swift in Sources */,
				131E373F1BF8286700078FBE /* SafeTravels.xcdatamodeld in Sources */,
				131E37E21BF83C3B00078FBE /* Messages.swift in Sources */,
				131E37EF1BF8430400078FBE /* Ids.swift in Sources */,
				131E37E51BF83C6100078FBE /* Numbers+CoreDataProperties.swift in Sources */,
				131E37E11BF83C3B00078FBE /* Messages+CoreDataProperties.swift in Sources */,
				131E37EE1BF8430400078FBE /* Ids+CoreDataProperties.swift in Sources */,
				131E37371BF8286700078FBE /* AppDelegate.swift in Sources */,
				131E37E81BF840AF00078FBE /* HandleConnection.swift in Sources */,
				131E37D81BF833A800078FBE /* SettingsViewController.swift in Sources */,
				131E37F11BF85B4700078FBE /* TimerHelper.swift in Sources */,
				131E37F31BF8D3D100078FBE /* BlockedViewController.swift in Sources */,
				131E37E61BF83C6100078FBE /* Numbers.swift in Sources */,
				131E37EA1BF841DD00078FBE /* LocMan.swift in Sources */,
			);
			runOnlyForDeploymentPostprocessing = 0;
		};
		131E37461BF8286700078FBE /* Sources */ = {
			isa = PBXSourcesBuildPhase;
			buildActionMask = 2147483647;
			files = (
				131E374F1BF8286700078FBE /* SafeTravelsTests.swift in Sources */,
			);
			runOnlyForDeploymentPostprocessing = 0;
		};
		131E37511BF8286700078FBE /* Sources */ = {
			isa = PBXSourcesBuildPhase;
			buildActionMask = 2147483647;
			files = (
				131E375A1BF8286700078FBE /* SafeTravelsUITests.swift in Sources */,
			);
			runOnlyForDeploymentPostprocessing = 0;
		};
/* End PBXSourcesBuildPhase section */

/* Begin PBXTargetDependency section */
		131E374C1BF8286700078FBE /* PBXTargetDependency */ = {
			isa = PBXTargetDependency;
			target = 131E37321BF8286700078FBE /* SafeTravels */;
			targetProxy = 131E374B1BF8286700078FBE /* PBXContainerItemProxy */;
		};
		131E37571BF8286700078FBE /* PBXTargetDependency */ = {
			isa = PBXTargetDependency;
			target = 131E37321BF8286700078FBE /* SafeTravels */;
			targetProxy = 131E37561BF8286700078FBE /* PBXContainerItemProxy */;
		};
		131E37891BF82AF700078FBE /* PBXTargetDependency */ = {
			isa = PBXTargetDependency;
			name = "Alamofire iOS";
			targetProxy = 131E37881BF82AF700078FBE /* PBXContainerItemProxy */;
		};
		131E37D61BF82D3700078FBE /* PBXTargetDependency */ = {
			isa = PBXTargetDependency;
			name = "SwiftyJSON iOS";
			targetProxy = 131E37D51BF82D3700078FBE /* PBXContainerItemProxy */;
		};
/* End PBXTargetDependency section */

/* Begin PBXVariantGroup section */
		131E373A1BF8286700078FBE /* Main.storyboard */ = {
			isa = PBXVariantGroup;
			children = (
				131E373B1BF8286700078FBE /* Base */,
			);
			name = Main.storyboard;
			sourceTree = "<group>";
		};
		131E37421BF8286700078FBE /* LaunchScreen.storyboard */ = {
			isa = PBXVariantGroup;
			children = (
				131E37431BF8286700078FBE /* Base */,
			);
			name = LaunchScreen.storyboard;
			sourceTree = "<group>";
		};
/* End PBXVariantGroup section */

/* Begin XCBuildConfiguration section */
		131E375C1BF8286700078FBE /* Debug */ = {
			isa = XCBuildConfiguration;
			buildSettings = {
				ALWAYS_SEARCH_USER_PATHS = NO;
				CLANG_CXX_LANGUAGE_STANDARD = "gnu++0x";
				CLANG_CXX_LIBRARY = "libc++";
				CLANG_ENABLE_MODULES = YES;
				CLANG_ENABLE_OBJC_ARC = YES;
				CLANG_WARN_BOOL_CONVERSION = YES;
				CLANG_WARN_CONSTANT_CONVERSION = YES;
				CLANG_WARN_DIRECT_OBJC_ISA_USAGE = YES_ERROR;
				CLANG_WARN_EMPTY_BODY = YES;
				CLANG_WARN_ENUM_CONVERSION = YES;
				CLANG_WARN_INT_CONVERSION = YES;
				CLANG_WARN_OBJC_ROOT_CLASS = YES_ERROR;
				CLANG_WARN_UNREACHABLE_CODE = YES;
				CLANG_WARN__DUPLICATE_METHOD_MATCH = YES;
				"CODE_SIGN_IDENTITY[sdk=iphoneos*]" = "iPhone Developer";
				COPY_PHASE_STRIP = NO;
				DEBUG_INFORMATION_FORMAT = dwarf;
				ENABLE_STRICT_OBJC_MSGSEND = YES;
				ENABLE_TESTABILITY = YES;
				GCC_C_LANGUAGE_STANDARD = gnu99;
				GCC_DYNAMIC_NO_PIC = NO;
				GCC_NO_COMMON_BLOCKS = YES;
				GCC_OPTIMIZATION_LEVEL = 0;
				GCC_PREPROCESSOR_DEFINITIONS = (
					"DEBUG=1",
					"$(inherited)",
				);
				GCC_WARN_64_TO_32_BIT_CONVERSION = YES;
				GCC_WARN_ABOUT_RETURN_TYPE = YES_ERROR;
				GCC_WARN_UNDECLARED_SELECTOR = YES;
				GCC_WARN_UNINITIALIZED_AUTOS = YES_AGGRESSIVE;
				GCC_WARN_UNUSED_FUNCTION = YES;
				GCC_WARN_UNUSED_VARIABLE = YES;
				IPHONEOS_DEPLOYMENT_TARGET = 9.1;
				MTL_ENABLE_DEBUG_INFO = YES;
				ONLY_ACTIVE_ARCH = YES;
				SDKROOT = iphoneos;
				SWIFT_OPTIMIZATION_LEVEL = "-Onone";
			};
			name = Debug;
		};
		131E375D1BF8286700078FBE /* Release */ = {
			isa = XCBuildConfiguration;
			buildSettings = {
				ALWAYS_SEARCH_USER_PATHS = NO;
				CLANG_CXX_LANGUAGE_STANDARD = "gnu++0x";
				CLANG_CXX_LIBRARY = "libc++";
				CLANG_ENABLE_MODULES = YES;
				CLANG_ENABLE_OBJC_ARC = YES;
				CLANG_WARN_BOOL_CONVERSION = YES;
				CLANG_WARN_CONSTANT_CONVERSION = YES;
				CLANG_WARN_DIRECT_OBJC_ISA_USAGE = YES_ERROR;
				CLANG_WARN_EMPTY_BODY = YES;
				CLANG_WARN_ENUM_CONVERSION = YES;
				CLANG_WARN_INT_CONVERSION = YES;
				CLANG_WARN_OBJC_ROOT_CLASS = YES_ERROR;
				CLANG_WARN_UNREACHABLE_CODE = YES;
				CLANG_WARN__DUPLICATE_METHOD_MATCH = YES;
				"CODE_SIGN_IDENTITY[sdk=iphoneos*]" = "iPhone Developer";
				COPY_PHASE_STRIP = NO;
				DEBUG_INFORMATION_FORMAT = "dwarf-with-dsym";
				ENABLE_NS_ASSERTIONS = NO;
				ENABLE_STRICT_OBJC_MSGSEND = YES;
				GCC_C_LANGUAGE_STANDARD = gnu99;
				GCC_NO_COMMON_BLOCKS = YES;
				GCC_WARN_64_TO_32_BIT_CONVERSION = YES;
				GCC_WARN_ABOUT_RETURN_TYPE = YES_ERROR;
				GCC_WARN_UNDECLARED_SELECTOR = YES;
				GCC_WARN_UNINITIALIZED_AUTOS = YES_AGGRESSIVE;
				GCC_WARN_UNUSED_FUNCTION = YES;
				GCC_WARN_UNUSED_VARIABLE = YES;
				IPHONEOS_DEPLOYMENT_TARGET = 9.1;
				MTL_ENABLE_DEBUG_INFO = NO;
				SDKROOT = iphoneos;
				VALIDATE_PRODUCT = YES;
			};
			name = Release;
		};
		131E375F1BF8286700078FBE /* Debug */ = {
			isa = XCBuildConfiguration;
			buildSettings = {
				ASSETCATALOG_COMPILER_APPICON_NAME = AppIcon;
				CODE_SIGN_IDENTITY = "iPhone Developer";
				EMBEDDED_CONTENT_CONTAINS_SWIFT = YES;
				INFOPLIST_FILE = SafeTravels/Info.plist;
				LD_RUNPATH_SEARCH_PATHS = "$(inherited) @executable_path/Frameworks";
				PRODUCT_BUNDLE_IDENTIFIER = com.Dignan.SafeTravels;
				PRODUCT_NAME = "$(TARGET_NAME)";
			};
			name = Debug;
		};
		131E37601BF8286700078FBE /* Release */ = {
			isa = XCBuildConfiguration;
			buildSettings = {
				ASSETCATALOG_COMPILER_APPICON_NAME = AppIcon;
				CODE_SIGN_IDENTITY = "iPhone Developer";
				EMBEDDED_CONTENT_CONTAINS_SWIFT = YES;
				INFOPLIST_FILE = SafeTravels/Info.plist;
				LD_RUNPATH_SEARCH_PATHS = "$(inherited) @executable_path/Frameworks";
				PRODUCT_BUNDLE_IDENTIFIER = com.Dignan.SafeTravels;
				PRODUCT_NAME = "$(TARGET_NAME)";
			};
			name = Release;
		};
		131E37621BF8286700078FBE /* Debug */ = {
			isa = XCBuildConfiguration;
			buildSettings = {
				BUNDLE_LOADER = "$(TEST_HOST)";
				INFOPLIST_FILE = SafeTravelsTests/Info.plist;
				LD_RUNPATH_SEARCH_PATHS = "$(inherited) @executable_path/Frameworks @loader_path/Frameworks";
				PRODUCT_BUNDLE_IDENTIFIER = com.Dignan.SafeTravelsTests;
				PRODUCT_NAME = "$(TARGET_NAME)";
				TEST_HOST = "$(BUILT_PRODUCTS_DIR)/SafeTravels.app/SafeTravels";
			};
			name = Debug;
		};
		131E37631BF8286700078FBE /* Release */ = {
			isa = XCBuildConfiguration;
			buildSettings = {
				BUNDLE_LOADER = "$(TEST_HOST)";
				INFOPLIST_FILE = SafeTravelsTests/Info.plist;
				LD_RUNPATH_SEARCH_PATHS = "$(inherited) @executable_path/Frameworks @loader_path/Frameworks";
				PRODUCT_BUNDLE_IDENTIFIER = com.Dignan.SafeTravelsTests;
				PRODUCT_NAME = "$(TARGET_NAME)";
				TEST_HOST = "$(BUILT_PRODUCTS_DIR)/SafeTravels.app/SafeTravels";
			};
			name = Release;
		};
		131E37651BF8286700078FBE /* Debug */ = {
			isa = XCBuildConfiguration;
			buildSettings = {
				INFOPLIST_FILE = SafeTravelsUITests/Info.plist;
				LD_RUNPATH_SEARCH_PATHS = "$(inherited) @executable_path/Frameworks @loader_path/Frameworks";
				PRODUCT_BUNDLE_IDENTIFIER = com.Dignan.SafeTravelsUITests;
				PRODUCT_NAME = "$(TARGET_NAME)";
				TEST_TARGET_NAME = SafeTravels;
				USES_XCTRUNNER = YES;
			};
			name = Debug;
		};
		131E37661BF8286700078FBE /* Release */ = {
			isa = XCBuildConfiguration;
			buildSettings = {
				INFOPLIST_FILE = SafeTravelsUITests/Info.plist;
				LD_RUNPATH_SEARCH_PATHS = "$(inherited) @executable_path/Frameworks @loader_path/Frameworks";
				PRODUCT_BUNDLE_IDENTIFIER = com.Dignan.SafeTravelsUITests;
				PRODUCT_NAME = "$(TARGET_NAME)";
				TEST_TARGET_NAME = SafeTravels;
				USES_XCTRUNNER = YES;
			};
			name = Release;
		};
/* End XCBuildConfiguration section */

/* Begin XCConfigurationList section */
		131E372E1BF8286700078FBE /* Build configuration list for PBXProject "SafeTravels" */ = {
			isa = XCConfigurationList;
			buildConfigurations = (
				131E375C1BF8286700078FBE /* Debug */,
				131E375D1BF8286700078FBE /* Release */,
			);
			defaultConfigurationIsVisible = 0;
			defaultConfigurationName = Release;
		};
		131E375E1BF8286700078FBE /* Build configuration list for PBXNativeTarget "SafeTravels" */ = {
			isa = XCConfigurationList;
			buildConfigurations = (
				131E375F1BF8286700078FBE /* Debug */,
				131E37601BF8286700078FBE /* Release */,
			);
			defaultConfigurationIsVisible = 0;
		};
		131E37611BF8286700078FBE /* Build configuration list for PBXNativeTarget "SafeTravelsTests" */ = {
			isa = XCConfigurationList;
			buildConfigurations = (
				131E37621BF8286700078FBE /* Debug */,
				131E37631BF8286700078FBE /* Release */,
			);
			defaultConfigurationIsVisible = 0;
		};
		131E37641BF8286700078FBE /* Build configuration list for PBXNativeTarget "SafeTravelsUITests" */ = {
			isa = XCConfigurationList;
			buildConfigurations = (
				131E37651BF8286700078FBE /* Debug */,
				131E37661BF8286700078FBE /* Release */,
			);
			defaultConfigurationIsVisible = 0;
		};
/* End XCConfigurationList section */

/* Begin XCVersionGroup section */
		131E373D1BF8286700078FBE /* SafeTravels.xcdatamodeld */ = {
			isa = XCVersionGroup;
			children = (
				131E373E1BF8286700078FBE /* SafeTravels.xcdatamodel */,
			);
			currentVersion = 131E373E1BF8286700078FBE /* SafeTravels.xcdatamodel */;
			path = SafeTravels.xcdatamodeld;
			sourceTree = "<group>";
			versionGroupType = wrapper.xcdatamodel;
		};
/* End XCVersionGroup section */
	};
	rootObject = 131E372B1BF8286700078FBE /* Project object */;
}
